
Microsoft Visual Studio Solution File, Format Version 12.00
# Visual Studio 2012
Project("{2150E333-8FDC-42A3-9474-1A3956D46DE8}") = "Solution Items", "Solution Items", "{DCC0CD39-8DCF-47BA-940E-3A1EDA6774D6}"
	ProjectSection(SolutionItems) = preProject
		Local.testsettings = Local.testsettings
		oikonomos.web.vsmdi = oikonomos.web.vsmdi
		TraceAndTestImpact.testsettings = TraceAndTestImpact.testsettings
	EndProjectSection
EndProject
Project("{2150E333-8FDC-42A3-9474-1A3956D46DE8}") = "Services", "Services", "{F089C386-BAB8-4272-9D72-12FDB3585A8F}"
EndProject
Project("{2150E333-8FDC-42A3-9474-1A3956D46DE8}") = "Tests", "Tests", "{AC50BB4F-638B-4ACC-9E53-35FFAED495CE}"
EndProject
Project("{2150E333-8FDC-42A3-9474-1A3956D46DE8}") = "Repositories", "Repositories", "{0B58F68F-8814-465F-81EA-22023181F830}"
EndProject
Project("{FAE04EC0-301F-11D3-BF4B-00C04F79EFBC}") = "oikonomos.web", "oikonomos\oikonomos.web.csproj", "{5FBD2698-019B-430B-82F2-12CD056E6C60}"
EndProject
Project("{FAE04EC0-301F-11D3-BF4B-00C04F79EFBC}") = "oikonomos.data", "..\oikonomos.data\oikonomos.data\oikonomos.data.csproj", "{42B40471-19BB-4727-9973-924745733AFD}"
EndProject
Project("{FAE04EC0-301F-11D3-BF4B-00C04F79EFBC}") = "oikonomos.common", "oikonomos.common\oikonomos.common.csproj", "{54B0FB5D-AFBE-448A-ABD9-A0FBF75433D9}"
EndProject
Project("{FAE04EC0-301F-11D3-BF4B-00C04F79EFBC}") = "Lib.Web.Mvc", "Lib.Web.Mvc\Lib.Web.Mvc.csproj", "{1332384E-DDEF-4B55-81E8-F6F0B0C779DC}"
EndProject
Project("{FAE04EC0-301F-11D3-BF4B-00C04F79EFBC}") = "oikonomos.services.interfaces", "oikonomos.services.interfaces\oikonomos.services.interfaces.csproj", "{BB21F4DD-E8C9-4969-B6EB-27B35CC1AF10}"
EndProject
Project("{FAE04EC0-301F-11D3-BF4B-00C04F79EFBC}") = "oikonomos.services", "oikonomos.services\oikonomos.services.csproj", "{7939F5A9-5DDF-4481-8C7F-980B1622FB69}"
EndProject
Project("{FAE04EC0-301F-11D3-BF4B-00C04F79EFBC}") = "oikonomos.services.tests", "oikonomos.services.tests\oikonomos.services.tests.csproj", "{F6A99C43-0867-469F-8552-724E5D6CBAC8}"
EndProject
Project("{FAE04EC0-301F-11D3-BF4B-00C04F79EFBC}") = "oikonomos.repositories.interfaces", "oikonomos.repositories.interfaces\oikonomos.repositories.interfaces.csproj", "{FE1C517D-4E67-403F-BF8D-0709A78DD900}"
EndProject
Project("{FAE04EC0-301F-11D3-BF4B-00C04F79EFBC}") = "oikonomos.repositories", "oikonomos.repositories\oikonomos.repositories.csproj", "{19DA1C75-7E17-4DE5-9956-8B4BD1A9C248}"
EndProject
Project("{FAE04EC0-301F-11D3-BF4B-00C04F79EFBC}") = "oikonomos.repositories.tests", "oikonomos.repositories.tests\oikonomos.repositories.tests.csproj", "{F3D322E8-95D3-408A-B4E8-911D92D5AEED}"
EndProject
Project("{FAE04EC0-301F-11D3-BF4B-00C04F79EFBC}") = "MailChecker", "MailChecker\MailChecker.csproj", "{A2503507-F787-4B41-953C-B0F882033E58}"
EndProject
Project("{2150E333-8FDC-42A3-9474-1A3956D46DE8}") = "Helper Libraries", "Helper Libraries", "{14C5668E-5DAF-4966-BB6F-C69EF9C055BA}"
EndProject
Project("{FAE04EC0-301F-11D3-BF4B-00C04F79EFBC}") = "OpenPop", "Helper Classes\OpenPop\OpenPop.csproj", "{75B3E0DF-61C3-4643-AB47-DBE1CFE3D303}"
EndProject
Global
	GlobalSection(TestCaseManagementSettings) = postSolution
		CategoryFile = oikonomos.web.vsmdi
	EndGlobalSection
	GlobalSection(SolutionConfigurationPlatforms) = preSolution
		Debug|Any CPU = Debug|Any CPU
		Release|Any CPU = Release|Any CPU
	EndGlobalSection
	GlobalSection(ProjectConfigurationPlatforms) = postSolution
		{5FBD2698-019B-430B-82F2-12CD056E6C60}.Debug|Any CPU.ActiveCfg = Debug|Any CPU
		{5FBD2698-019B-430B-82F2-12CD056E6C60}.Debug|Any CPU.Build.0 = Debug|Any CPU
		{5FBD2698-019B-430B-82F2-12CD056E6C60}.Release|Any CPU.ActiveCfg = Release|Any CPU
		{5FBD2698-019B-430B-82F2-12CD056E6C60}.Release|Any CPU.Build.0 = Release|Any CPU
		{42B40471-19BB-4727-9973-924745733AFD}.Debug|Any CPU.ActiveCfg = Debug|Any CPU
		{42B40471-19BB-4727-9973-924745733AFD}.Debug|Any CPU.Build.0 = Debug|Any CPU
		{42B40471-19BB-4727-9973-924745733AFD}.Release|Any CPU.ActiveCfg = Release|Any CPU
		{42B40471-19BB-4727-9973-924745733AFD}.Release|Any CPU.Build.0 = Release|Any CPU
		{54B0FB5D-AFBE-448A-ABD9-A0FBF75433D9}.Debug|Any CPU.ActiveCfg = Debug|Any CPU
		{54B0FB5D-AFBE-448A-ABD9-A0FBF75433D9}.Debug|Any CPU.Build.0 = Debug|Any CPU
		{54B0FB5D-AFBE-448A-ABD9-A0FBF75433D9}.Release|Any CPU.ActiveCfg = Release|Any CPU
		{54B0FB5D-AFBE-448A-ABD9-A0FBF75433D9}.Release|Any CPU.Build.0 = Release|Any CPU
		{1332384E-DDEF-4B55-81E8-F6F0B0C779DC}.Debug|Any CPU.ActiveCfg = Debug|Any CPU
		{1332384E-DDEF-4B55-81E8-F6F0B0C779DC}.Debug|Any CPU.Build.0 = Debug|Any CPU
		{1332384E-DDEF-4B55-81E8-F6F0B0C779DC}.Release|Any CPU.ActiveCfg = Release|Any CPU
		{1332384E-DDEF-4B55-81E8-F6F0B0C779DC}.Release|Any CPU.Build.0 = Release|Any CPU
		{BB21F4DD-E8C9-4969-B6EB-27B35CC1AF10}.Debug|Any CPU.ActiveCfg = Debug|Any CPU
		{BB21F4DD-E8C9-4969-B6EB-27B35CC1AF10}.Debug|Any CPU.Build.0 = Debug|Any CPU
		{BB21F4DD-E8C9-4969-B6EB-27B35CC1AF10}.Release|Any CPU.ActiveCfg = Release|Any CPU
		{BB21F4DD-E8C9-4969-B6EB-27B35CC1AF10}.Release|Any CPU.Build.0 = Release|Any CPU
		{7939F5A9-5DDF-4481-8C7F-980B1622FB69}.Debug|Any CPU.ActiveCfg = Debug|Any CPU
		{7939F5A9-5DDF-4481-8C7F-980B1622FB69}.Debug|Any CPU.Build.0 = Debug|Any CPU
		{7939F5A9-5DDF-4481-8C7F-980B1622FB69}.Release|Any CPU.ActiveCfg = Release|Any CPU
		{7939F5A9-5DDF-4481-8C7F-980B1622FB69}.Release|Any CPU.Build.0 = Release|Any CPU
		{F6A99C43-0867-469F-8552-724E5D6CBAC8}.Debug|Any CPU.ActiveCfg = Debug|Any CPU
		{F6A99C43-0867-469F-8552-724E5D6CBAC8}.Debug|Any CPU.Build.0 = Debug|Any CPU
		{F6A99C43-0867-469F-8552-724E5D6CBAC8}.Release|Any CPU.ActiveCfg = Release|Any CPU
		{F6A99C43-0867-469F-8552-724E5D6CBAC8}.Release|Any CPU.Build.0 = Release|Any CPU
		{FE1C517D-4E67-403F-BF8D-0709A78DD900}.Debug|Any CPU.ActiveCfg = Debug|Any CPU
		{FE1C517D-4E67-403F-BF8D-0709A78DD900}.Debug|Any CPU.Build.0 = Debug|Any CPU
		{FE1C517D-4E67-403F-BF8D-0709A78DD900}.Release|Any CPU.ActiveCfg = Release|Any CPU
		{FE1C517D-4E67-403F-BF8D-0709A78DD900}.Release|Any CPU.Build.0 = Release|Any CPU
		{19DA1C75-7E17-4DE5-9956-8B4BD1A9C248}.Debug|Any CPU.ActiveCfg = Debug|Any CPU
		{19DA1C75-7E17-4DE5-9956-8B4BD1A9C248}.Debug|Any CPU.Build.0 = Debug|Any CPU
		{19DA1C75-7E17-4DE5-9956-8B4BD1A9C248}.Release|Any CPU.ActiveCfg = Release|Any CPU
		{19DA1C75-7E17-4DE5-9956-8B4BD1A9C248}.Release|Any CPU.Build.0 = Release|Any CPU
		{F3D322E8-95D3-408A-B4E8-911D92D5AEED}.Debug|Any CPU.ActiveCfg = Debug|Any CPU
		{F3D322E8-95D3-408A-B4E8-911D92D5AEED}.Debug|Any CPU.Build.0 = Debug|Any CPU
		{F3D322E8-95D3-408A-B4E8-911D92D5AEED}.Release|Any CPU.ActiveCfg = Release|Any CPU
		{F3D322E8-95D3-408A-B4E8-911D92D5AEED}.Release|Any CPU.Build.0 = Release|Any CPU
		{A2503507-F787-4B41-953C-B0F882033E58}.Debug|Any CPU.ActiveCfg = Debug|Any CPU
		{A2503507-F787-4B41-953C-B0F882033E58}.Debug|Any CPU.Build.0 = Debug|Any CPU
		{A2503507-F787-4B41-953C-B0F882033E58}.Release|Any CPU.ActiveCfg = Release|Any CPU
		{A2503507-F787-4B41-953C-B0F882033E58}.Release|Any CPU.Build.0 = Release|Any CPU
		{75B3E0DF-61C3-4643-AB47-DBE1CFE3D303}.Debug|Any CPU.ActiveCfg = Debug|Any CPU
		{75B3E0DF-61C3-4643-AB47-DBE1CFE3D303}.Debug|Any CPU.Build.0 = Debug|Any CPU
		{75B3E0DF-61C3-4643-AB47-DBE1CFE3D303}.Release|Any CPU.ActiveCfg = Release|Any CPU
		{75B3E0DF-61C3-4643-AB47-DBE1CFE3D303}.Release|Any CPU.Build.0 = Release|Any CPU
	EndGlobalSection
	GlobalSection(SolutionProperties) = preSolution
		HideSolutionNode = FALSE
	EndGlobalSection
	GlobalSection(NestedProjects) = preSolution
		{BB21F4DD-E8C9-4969-B6EB-27B35CC1AF10} = {F089C386-BAB8-4272-9D72-12FDB3585A8F}
		{7939F5A9-5DDF-4481-8C7F-980B1622FB69} = {F089C386-BAB8-4272-9D72-12FDB3585A8F}
		{F6A99C43-0867-469F-8552-724E5D6CBAC8} = {AC50BB4F-638B-4ACC-9E53-35FFAED495CE}
		{F3D322E8-95D3-408A-B4E8-911D92D5AEED} = {AC50BB4F-638B-4ACC-9E53-35FFAED495CE}
		{42B40471-19BB-4727-9973-924745733AFD} = {0B58F68F-8814-465F-81EA-22023181F830}
		{FE1C517D-4E67-403F-BF8D-0709A78DD900} = {0B58F68F-8814-465F-81EA-22023181F830}
		{19DA1C75-7E17-4DE5-9956-8B4BD1A9C248} = {0B58F68F-8814-465F-81EA-22023181F830}
		{75B3E0DF-61C3-4643-AB47-DBE1CFE3D303} = {14C5668E-5DAF-4966-BB6F-C69EF9C055BA}
	EndGlobalSection
EndGlobal
